
Microsoft Visual Studio Solution File, Format Version 12.00
# Visual Studio Version 16
VisualStudioVersion = 16.0.35425.106
MinimumVisualStudioVersion = 10.0.40219.1
Project("{D2ABAB84-BF74-430A-B69E-9DC6D40DDA17}") = "OLAP01", "OLAP01\OLAP01.dwproj", "{484C8940-BD77-4487-B5DD-17F9BAC1792F}"
EndProject
Global
	GlobalSection(SolutionConfigurationPlatforms) = preSolution
		Development|Default = Development|Default
	EndGlobalSection
	GlobalSection(ProjectConfigurationPlatforms) = postSolution
		{484C8940-BD77-4487-B5DD-17F9BAC1792F}.Development|Default.ActiveCfg = Development
		{484C8940-BD77-4487-B5DD-17F9BAC1792F}.Development|Default.Build.0 = Development
		{484C8940-BD77-4487-B5DD-17F9BAC1792F}.Development|Default.Deploy.0 = Development
	EndGlobalSection
	GlobalSection(SolutionProperties) = preSolution
		HideSolutionNode = FALSE
	EndGlobalSection
	GlobalSection(ExtensibilityGlobals) = postSolution
		SolutionGuid = {6A812EBC-6F77-4E38-B6F5-A41A3F81F460}
	EndGlobalSection
EndGlobal
