
Microsoft Visual Studio Solution File, Format Version 12.00
# Visual Studio Version 16
VisualStudioVersion = 16.0.35425.106
MinimumVisualStudioVersion = 10.0.40219.1
Project("{D2ABAB84-BF74-430A-B69E-9DC6D40DDA17}") = "OLAP_04", "OLAP_04\OLAP_04.dwproj", "{1D8077D7-87E4-4A8B-838A-A71110FC85F5}"
EndProject
Global
	GlobalSection(SolutionConfigurationPlatforms) = preSolution
		Development|Default = Development|Default
	EndGlobalSection
	GlobalSection(ProjectConfigurationPlatforms) = postSolution
		{1D8077D7-87E4-4A8B-838A-A71110FC85F5}.Development|Default.ActiveCfg = Development
		{1D8077D7-87E4-4A8B-838A-A71110FC85F5}.Development|Default.Build.0 = Development
		{1D8077D7-87E4-4A8B-838A-A71110FC85F5}.Development|Default.Deploy.0 = Development
	EndGlobalSection
	GlobalSection(SolutionProperties) = preSolution
		HideSolutionNode = FALSE
	EndGlobalSection
	GlobalSection(ExtensibilityGlobals) = postSolution
		SolutionGuid = {E01957DA-81D8-4A4B-B30B-00D76BB188CA}
	EndGlobalSection
EndGlobal
